
Microsoft Visual Studio Solution File, Format Version 12.00
# Visual Studio Version 17
VisualStudioVersion = 17.8.34511.84
MinimumVisualStudioVersion = 10.0.40219.1
Project("{9A19103F-16F7-4668-BE54-9A1E7A4F7556}") = "DemoJWT", "api\DemoJWT.csproj", "{06E7169F-6105-4B06-B8CA-5B73712D3F70}"
EndProject
Global
	GlobalSection(SolutionConfigurationPlatforms) = preSolution
		Debug|Any CPU = Debug|Any CPU
		Release|Any CPU = Release|Any CPU
	EndGlobalSection
	GlobalSection(ProjectConfigurationPlatforms) = postSolution
		{06E7169F-6105-4B06-B8CA-5B73712D3F70}.Debug|Any CPU.ActiveCfg = Debug|Any CPU
		{06E7169F-6105-4B06-B8CA-5B73712D3F70}.Debug|Any CPU.Build.0 = Debug|Any CPU
		{06E7169F-6105-4B06-B8CA-5B73712D3F70}.Release|Any CPU.ActiveCfg = Release|Any CPU
		{06E7169F-6105-4B06-B8CA-5B73712D3F70}.Release|Any CPU.Build.0 = Release|Any CPU
	EndGlobalSection
	GlobalSection(SolutionProperties) = preSolution
		HideSolutionNode = FALSE
	EndGlobalSection
	GlobalSection(ExtensibilityGlobals) = postSolution
		SolutionGuid = {770B482A-6844-46EF-9B1A-5104A3AD1B44}
	EndGlobalSection
EndGlobal
